// !$*UTF8*$!
{
	archiveVersion = 1;
	classes = {
	};
	objectVersion = 50;
	objects = {

/* Begin PBXBuildFile section */
		B896567A25C84FEA005CC978 /* AppDelegate.swift in Sources */ = {isa = PBXBuildFile; fileRef = B896567925C84FEA005CC978 /* AppDelegate.swift */; };
		B896567C25C84FEA005CC978 /* SceneDelegate.swift in Sources */ = {isa = PBXBuildFile; fileRef = B896567B25C84FEA005CC978 /* SceneDelegate.swift */; };
		B896567E25C84FEA005CC978 /* ViewController.swift in Sources */ = {isa = PBXBuildFile; fileRef = B896567D25C84FEA005CC978 /* ViewController.swift */; };
		B896568125C84FEA005CC978 /* Main.storyboard in Resources */ = {isa = PBXBuildFile; fileRef = B896567F25C84FEA005CC978 /* Main.storyboard */; };
		B896568325C84FED005CC978 /* Assets.xcassets in Resources */ = {isa = PBXBuildFile; fileRef = B896568225C84FED005CC978 /* Assets.xcassets */; };
		B896568625C84FED005CC978 /* LaunchScreen.storyboard in Resources */ = {isa = PBXBuildFile; fileRef = B896568425C84FED005CC978 /* LaunchScreen.storyboard */; };
		B896569025C852B6005CC978 /* Item.swift in Sources */ = {isa = PBXBuildFile; fileRef = B896568F25C852B6005CC978 /* Item.swift */; };
		B896569D25C872B6005CC978 /* ItemCell.swift in Sources */ = {isa = PBXBuildFile; fileRef = B896569C25C872B6005CC978 /* ItemCell.swift */; };
/* End PBXBuildFile section */

/* Begin PBXFileReference section */
		B896567625C84FEA005CC978 /* ECommerce GAPSI.app */ = {isa = PBXFileReference; explicitFileType = wrapper.application; includeInIndex = 0; path = "ECommerce GAPSI.app"; sourceTree = BUILT_PRODUCTS_DIR; };
		B896567925C84FEA005CC978 /* AppDelegate.swift */ = {isa = PBXFileReference; lastKnownFileType = sourcecode.swift; path = AppDelegate.swift; sourceTree = "<group>"; };
		B896567B25C84FEA005CC978 /* SceneDelegate.swift */ = {isa = PBXFileReference; lastKnownFileType = sourcecode.swift; path = SceneDelegate.swift; sourceTree = "<group>"; };
		B896567D25C84FEA005CC978 /* ViewController.swift */ = {isa = PBXFileReference; lastKnownFileType = sourcecode.swift; path = ViewController.swift; sourceTree = "<group>"; };
		B896568025C84FEA005CC978 /* Base */ = {isa = PBXFileReference; lastKnownFileType = file.storyboard; name = Base; path = Base.lproj/Main.storyboard; sourceTree = "<group>"; };
		B896568225C84FED005CC978 /* Assets.xcassets */ = {isa = PBXFileReference; lastKnownFileType = folder.assetcatalog; path = Assets.xcassets; sourceTree = "<group>"; };
		B896568525C84FED005CC978 /* Base */ = {isa = PBXFileReference; lastKnownFileType = file.storyboard; name = Base; path = Base.lproj/LaunchScreen.storyboard; sourceTree = "<group>"; };
		B896568725C84FED005CC978 /* Info.plist */ = {isa = PBXFileReference; lastKnownFileType = text.plist.xml; path = Info.plist; sourceTree = "<group>"; };
		B896568F25C852B6005CC978 /* Item.swift */ = {isa = PBXFileReference; lastKnownFileType = sourcecode.swift; path = Item.swift; sourceTree = "<group>"; };
		B896569C25C872B6005CC978 /* ItemCell.swift */ = {isa = PBXFileReference; lastKnownFileType = sourcecode.swift; path = ItemCell.swift; sourceTree = "<group>"; };
/* End PBXFileReference section */

/* Begin PBXFrameworksBuildPhase section */
		B896567325C84FEA005CC978 /* Frameworks */ = {
			isa = PBXFrameworksBuildPhase;
			buildActionMask = 2147483647;
			files = (
			);
			runOnlyForDeploymentPostprocessing = 0;
		};
/* End PBXFrameworksBuildPhase section */

/* Begin PBXGroup section */
		B896566D25C84FEA005CC978 = {
			isa = PBXGroup;
			children = (
				B896567825C84FEA005CC978 /* ECommerce GAPSI */,
				B896567725C84FEA005CC978 /* Products */,
			);
			sourceTree = "<group>";
		};
		B896567725C84FEA005CC978 /* Products */ = {
			isa = PBXGroup;
			children = (
				B896567625C84FEA005CC978 /* ECommerce GAPSI.app */,
			);
			name = Products;
			sourceTree = "<group>";
		};
		B896567825C84FEA005CC978 /* ECommerce GAPSI */ = {
			isa = PBXGroup;
			children = (
				B896567925C84FEA005CC978 /* AppDelegate.swift */,
				B896567B25C84FEA005CC978 /* SceneDelegate.swift */,
				B896567D25C84FEA005CC978 /* ViewController.swift */,
				B896568F25C852B6005CC978 /* Item.swift */,
				B896569C25C872B6005CC978 /* ItemCell.swift */,
				B896567F25C84FEA005CC978 /* Main.storyboard */,
				B896568225C84FED005CC978 /* Assets.xcassets */,
				B896568425C84FED005CC978 /* LaunchScreen.storyboard */,
				B896568725C84FED005CC978 /* Info.plist */,
			);
			path = "ECommerce GAPSI";
			sourceTree = "<group>";
		};
/* End PBXGroup section */

/* Begin PBXNativeTarget section */
		B896567525C84FEA005CC978 /* ECommerce GAPSI */ = {
			isa = PBXNativeTarget;
			buildConfigurationList = B896568A25C84FED005CC978 /* Build configuration list for PBXNativeTarget "ECommerce GAPSI" */;
			buildPhases = (
				B896567225C84FEA005CC978 /* Sources */,
				B896567325C84FEA005CC978 /* Frameworks */,
				B896567425C84FEA005CC978 /* Resources */,
			);
			buildRules = (
			);
			dependencies = (
			);
			name = "ECommerce GAPSI";
			productName = "ECommerce GAPSI";
			productReference = B896567625C84FEA005CC978 /* ECommerce GAPSI.app */;
			productType = "com.apple.product-type.application";
		};
/* End PBXNativeTarget section */

/* Begin PBXProject section */
		B896566E25C84FEA005CC978 /* Project object */ = {
			isa = PBXProject;
			attributes = {
				LastSwiftUpdateCheck = 1240;
				LastUpgradeCheck = 1240;
				TargetAttributes = {
					B896567525C84FEA005CC978 = {
						CreatedOnToolsVersion = 12.4;
					};
				};
			};
			buildConfigurationList = B896567125C84FEA005CC978 /* Build configuration list for PBXProject "ECommerce GAPSI" */;
			compatibilityVersion = "Xcode 9.3";
			developmentRegion = en;
			hasScannedForEncodings = 0;
			knownRegions = (
				en,
				Base,
			);
			mainGroup = B896566D25C84FEA005CC978;
			productRefGroup = B896567725C84FEA005CC978 /* Products */;
			projectDirPath = "";
			projectRoot = "";
			targets = (
				B896567525C84FEA005CC978 /* ECommerce GAPSI */,
			);
		};
/* End PBXProject section */

/* Begin PBXResourcesBuildPhase section */
		B896567425C84FEA005CC978 /* Resources */ = {
			isa = PBXResourcesBuildPhase;
			buildActionMask = 2147483647;
			files = (
				B896568625C84FED005CC978 /* LaunchScreen.storyboard in Resources */,
				B896568325C84FED005CC978 /* Assets.xcassets in Resources */,
				B896568125C84FEA005CC978 /* Main.storyboard in Resources */,
			);
			runOnlyForDeploymentPostprocessing = 0;
		};
/* End PBXResourcesBuildPhase section */

/* Begin PBXSourcesBuildPhase section */
		B896567225C84FEA005CC978 /* Sources */ = {
			isa = PBXSourcesBuildPhase;
			buildActionMask = 2147483647;
			files = (
				B896567E25C84FEA005CC978 /* ViewController.swift in Sources */,
				B896569025C852B6005CC978 /* Item.swift in Sources */,
				B896567A25C84FEA005CC978 /* AppDelegate.swift in Sources */,
				B896567C25C84FEA005CC978 /* SceneDelegate.swift in Sources */,
				B896569D25C872B6005CC978 /* ItemCell.swift in Sources */,
			);
			runOnlyForDeploymentPostprocessing = 0;
		};
/* End PBXSourcesBuildPhase section */

/* Begin PBXVariantGroup section */
		B896567F25C84FEA005CC978 /* Main.storyboard */ = {
			isa = PBXVariantGroup;
			children = (
				B896568025C84FEA005CC978 /* Base */,
			);
			name = Main.storyboard;
			sourceTree = "<group>";
		};
		B896568425C84FED005CC978 /* LaunchScreen.storyboard */ = {
			isa = PBXVariantGroup;
			children = (
				B896568525C84FED005CC978 /* Base */,
			);
			name = LaunchScreen.storyboard;
			sourceTree = "<group>";
		};
/* End PBXVariantGroup section */

/* Begin XCBuildConfiguration section */
		B896568825C84FED005CC978 /* Debug */ = {
			isa = XCBuildConfiguration;
			buildSettings = {
				ALWAYS_SEARCH_USER_PATHS = NO;
				CLANG_ANALYZER_NONNULL = YES;
				CLANG_ANALYZER_NUMBER_OBJECT_CONVERSION = YES_AGGRESSIVE;
				CLANG_CXX_LANGUAGE_STANDARD = "gnu++14";
				CLANG_CXX_LIBRARY = "libc++";
				CLANG_ENABLE_MODULES = YES;
				CLANG_ENABLE_OBJC_ARC = YES;
				CLANG_ENABLE_OBJC_WEAK = YES;
				CLANG_WARN_BLOCK_CAPTURE_AUTORELEASING = YES;
				CLANG_WARN_BOOL_CONVERSION = YES;
				CLANG_WARN_COMMA = YES;
				CLANG_WARN_CONSTANT_CONVERSION = YES;
				CLANG_WARN_DEPRECATED_OBJC_IMPLEMENTATIONS = YES;
				CLANG_WARN_DIRECT_OBJC_ISA_USAGE = YES_ERROR;
				CLANG_WARN_DOCUMENTATION_COMMENTS = YES;
				CLANG_WARN_EMPTY_BODY = YES;
				CLANG_WARN_ENUM_CONVERSION = YES;
				CLANG_WARN_INFINITE_RECURSION = YES;
				CLANG_WARN_INT_CONVERSION = YES;
				CLANG_WARN_NON_LITERAL_NULL_CONVERSION = YES;
				CLANG_WARN_OBJC_IMPLICIT_RETAIN_SELF = YES;
				CLANG_WARN_OBJC_LITERAL_CONVERSION = YES;
				CLANG_WARN_OBJC_ROOT_CLASS = YES_ERROR;
				CLANG_WARN_QUOTED_INCLUDE_IN_FRAMEWORK_HEADER = YES;
				CLANG_WARN_RANGE_LOOP_ANALYSIS = YES;
				CLANG_WARN_STRICT_PROTOTYPES = YES;
				CLANG_WARN_SUSPICIOUS_MOVE = YES;
				CLANG_WARN_UNGUARDED_AVAILABILITY = YES_AGGRESSIVE;
				CLANG_WARN_UNREACHABLE_CODE = YES;
				CLANG_WARN__DUPLICATE_METHOD_MATCH = YES;
				COPY_PHASE_STRIP = NO;
				DEBUG_INFORMATION_FORMAT = dwarf;
				ENABLE_STRICT_OBJC_MSGSEND = YES;
				ENABLE_TESTABILITY = YES;
				GCC_C_LANGUAGE_STANDARD = gnu11;
				GCC_DYNAMIC_NO_PIC = NO;
				GCC_NO_COMMON_BLOCKS = YES;
				GCC_OPTIMIZATION_LEVEL = 0;
				GCC_PREPROCESSOR_DEFINITIONS = (
					"DEBUG=1",
					"$(inherited)",
				);
				GCC_WARN_64_TO_32_BIT_CONVERSION = YES;
				GCC_WARN_ABOUT_RETURN_TYPE = YES_ERROR;
				GCC_WARN_UNDECLARED_SELECTOR = YES;
				GCC_WARN_UNINITIALIZED_AUTOS = YES_AGGRESSIVE;
				GCC_WARN_UNUSED_FUNCTION = YES;
				GCC_WARN_UNUSED_VARIABLE = YES;
				IPHONEOS_DEPLOYMENT_TARGET = 14.4;
				MTL_ENABLE_DEBUG_INFO = INCLUDE_SOURCE;
				MTL_FAST_MATH = YES;
				ONLY_ACTIVE_ARCH = YES;
				SDKROOT = iphoneos;
				SWIFT_ACTIVE_COMPILATION_CONDITIONS = DEBUG;
				SWIFT_OPTIMIZATION_LEVEL = "-Onone";
			};
			name = Debug;
		};
		B896568925C84FED005CC978 /* Release */ = {
			isa = XCBuildConfiguration;
			buildSettings = {
				ALWAYS_SEARCH_USER_PATHS = NO;
				CLANG_ANALYZER_NONNULL = YES;
				CLANG_ANALYZER_NUMBER_OBJECT_CONVERSION = YES_AGGRESSIVE;
				CLANG_CXX_LANGUAGE_STANDARD = "gnu++14";
				CLANG_CXX_LIBRARY = "libc++";
				CLANG_ENABLE_MODULES = YES;
				CLANG_ENABLE_OBJC_ARC = YES;
				CLANG_ENABLE_OBJC_WEAK = YES;
				CLANG_WARN_BLOCK_CAPTURE_AUTORELEASING = YES;
				CLANG_WARN_BOOL_CONVERSION = YES;
				CLANG_WARN_COMMA = YES;
				CLANG_WARN_CONSTANT_CONVERSION = YES;
				CLANG_WARN_DEPRECATED_OBJC_IMPLEMENTATIONS = YES;
				CLANG_WARN_DIRECT_OBJC_ISA_USAGE = YES_ERROR;
				CLANG_WARN_DOCUMENTATION_COMMENTS = YES;
				CLANG_WARN_EMPTY_BODY = YES;
				CLANG_WARN_ENUM_CONVERSION = YES;
				CLANG_WARN_INFINITE_RECURSION = YES;
				CLANG_WARN_INT_CONVERSION = YES;
				CLANG_WARN_NON_LITERAL_NULL_CONVERSION = YES;
				CLANG_WARN_OBJC_IMPLICIT_RETAIN_SELF = YES;
				CLANG_WARN_OBJC_LITERAL_CONVERSION = YES;
				CLANG_WARN_OBJC_ROOT_CLASS = YES_ERROR;
				CLANG_WARN_QUOTED_INCLUDE_IN_FRAMEWORK_HEADER = YES;
				CLANG_WARN_RANGE_LOOP_ANALYSIS = YES;
				CLANG_WARN_STRICT_PROTOTYPES = YES;
				CLANG_WARN_SUSPICIOUS_MOVE = YES;
				CLANG_WARN_UNGUARDED_AVAILABILITY = YES_AGGRESSIVE;
				CLANG_WARN_UNREACHABLE_CODE = YES;
				CLANG_WARN__DUPLICATE_METHOD_MATCH = YES;
				COPY_PHASE_STRIP = NO;
				DEBUG_INFORMATION_FORMAT = "dwarf-with-dsym";
				ENABLE_NS_ASSERTIONS = NO;
				ENABLE_STRICT_OBJC_MSGSEND = YES;
				GCC_C_LANGUAGE_STANDARD = gnu11;
				GCC_NO_COMMON_BLOCKS = YES;
				GCC_WARN_64_TO_32_BIT_CONVERSION = YES;
				GCC_WARN_ABOUT_RETURN_TYPE = YES_ERROR;
				GCC_WARN_UNDECLARED_SELECTOR = YES;
				GCC_WARN_UNINITIALIZED_AUTOS = YES_AGGRESSIVE;
				GCC_WARN_UNUSED_FUNCTION = YES;
				GCC_WARN_UNUSED_VARIABLE = YES;
				IPHONEOS_DEPLOYMENT_TARGET = 14.4;
				MTL_ENABLE_DEBUG_INFO = NO;
				MTL_FAST_MATH = YES;
				SDKROOT = iphoneos;
				SWIFT_COMPILATION_MODE = wholemodule;
				SWIFT_OPTIMIZATION_LEVEL = "-O";
				VALIDATE_PRODUCT = YES;
			};
			name = Release;
		};
		B896568B25C84FED005CC978 /* Debug */ = {
			isa = XCBuildConfiguration;
			buildSettings = {
				ASSETCATALOG_COMPILER_APPICON_NAME = AppIcon;
				ASSETCATALOG_COMPILER_GLOBAL_ACCENT_COLOR_NAME = AccentColor;
				CODE_SIGN_STYLE = Automatic;
				DEVELOPMENT_TEAM = 46GVT5Z7S8;
				INFOPLIST_FILE = "ECommerce GAPSI/Info.plist";
				IPHONEOS_DEPLOYMENT_TARGET = 13.0;
				LD_RUNPATH_SEARCH_PATHS = (
					"$(inherited)",
					"@executable_path/Frameworks",
				);
				PRODUCT_BUNDLE_IDENTIFIER = "com.gapsi.ECommerce-GAPSI";
				PRODUCT_NAME = "$(TARGET_NAME)";
				SWIFT_VERSION = 5.0;
				TARGETED_DEVICE_FAMILY = "1,2";
			};
			name = Debug;
		};
		B896568C25C84FED005CC978 /* Release */ = {
			isa = XCBuildConfiguration;
			buildSettings = {
				ASSETCATALOG_COMPILER_APPICON_NAME = AppIcon;
				ASSETCATALOG_COMPILER_GLOBAL_ACCENT_COLOR_NAME = AccentColor;
				CODE_SIGN_STYLE = Automatic;
				DEVELOPMENT_TEAM = 46GVT5Z7S8;
				INFOPLIST_FILE = "ECommerce GAPSI/Info.plist";
				IPHONEOS_DEPLOYMENT_TARGET = 13.0;
				LD_RUNPATH_SEARCH_PATHS = (
					"$(inherited)",
					"@executable_path/Frameworks",
				);
				PRODUCT_BUNDLE_IDENTIFIER = "com.gapsi.ECommerce-GAPSI";
				PRODUCT_NAME = "$(TARGET_NAME)";
				SWIFT_VERSION = 5.0;
				TARGETED_DEVICE_FAMILY = "1,2";
			};
			name = Release;
		};
/* End XCBuildConfiguration section */

/* Begin XCConfigurationList section */
		B896567125C84FEA005CC978 /* Build configuration list for PBXProject "ECommerce GAPSI" */ = {
			isa = XCConfigurationList;
			buildConfigurations = (
				B896568825C84FED005CC978 /* Debug */,
				B896568925C84FED005CC978 /* Release */,
			);
			defaultConfigurationIsVisible = 0;
			defaultConfigurationName = Release;
		};
		B896568A25C84FED005CC978 /* Build configuration list for PBXNativeTarget "ECommerce GAPSI" */ = {
			isa = XCConfigurationList;
			buildConfigurations = (
				B896568B25C84FED005CC978 /* Debug */,
				B896568C25C84FED005CC978 /* Release */,
			);
			defaultConfigurationIsVisible = 0;
			defaultConfigurationName = Release;
		};
/* End XCConfigurationList section */
	};
	rootObject = B896566E25C84FEA005CC978 /* Project object */;
}
